
Microsoft Visual Studio Solution File, Format Version 12.00
# Visual Studio Version 17
VisualStudioVersion = 17.7.34031.279
MinimumVisualStudioVersion = 10.0.40219.1
Project("{FAE04EC0-301F-11D3-BF4B-00C04F79EFBC}") = "Lab14", "Lab14\Lab14.csproj", "{83811E8E-CD81-4888-8586-8F67D072D2DF}"
EndProject
Global
	GlobalSection(SolutionConfigurationPlatforms) = preSolution
		Debug|Any CPU = Debug|Any CPU
		Release|Any CPU = Release|Any CPU
	EndGlobalSection
	GlobalSection(ProjectConfigurationPlatforms) = postSolution
		{83811E8E-CD81-4888-8586-8F67D072D2DF}.Debug|Any CPU.ActiveCfg = Debug|Any CPU
		{83811E8E-CD81-4888-8586-8F67D072D2DF}.Debug|Any CPU.Build.0 = Debug|Any CPU
		{83811E8E-CD81-4888-8586-8F67D072D2DF}.Release|Any CPU.ActiveCfg = Release|Any CPU
		{83811E8E-CD81-4888-8586-8F67D072D2DF}.Release|Any CPU.Build.0 = Release|Any CPU
	EndGlobalSection
	GlobalSection(SolutionProperties) = preSolution
		HideSolutionNode = FALSE
	EndGlobalSection
	GlobalSection(ExtensibilityGlobals) = postSolution
		SolutionGuid = {5C36D0A0-9B03-4A96-BF19-86DA91804BFB}
	EndGlobalSection
EndGlobal
