
Microsoft Visual Studio Solution File, Format Version 12.00
# Visual Studio Version 17
VisualStudioVersion = 17.7.34024.191
MinimumVisualStudioVersion = 10.0.40219.1
Project("{FAE04EC0-301F-11D3-BF4B-00C04F79EFBC}") = "Lab09", "Lab09\Lab09.csproj", "{98605EF4-0BC2-468F-BA7C-14ED2FB25FF4}"
EndProject
Global
	GlobalSection(SolutionConfigurationPlatforms) = preSolution
		Debug|Any CPU = Debug|Any CPU
		Release|Any CPU = Release|Any CPU
	EndGlobalSection
	GlobalSection(ProjectConfigurationPlatforms) = postSolution
		{98605EF4-0BC2-468F-BA7C-14ED2FB25FF4}.Debug|Any CPU.ActiveCfg = Debug|Any CPU
		{98605EF4-0BC2-468F-BA7C-14ED2FB25FF4}.Debug|Any CPU.Build.0 = Debug|Any CPU
		{98605EF4-0BC2-468F-BA7C-14ED2FB25FF4}.Release|Any CPU.ActiveCfg = Release|Any CPU
		{98605EF4-0BC2-468F-BA7C-14ED2FB25FF4}.Release|Any CPU.Build.0 = Release|Any CPU
	EndGlobalSection
	GlobalSection(SolutionProperties) = preSolution
		HideSolutionNode = FALSE
	EndGlobalSection
	GlobalSection(ExtensibilityGlobals) = postSolution
		SolutionGuid = {D4B7E5A7-5359-4CF8-B072-A3F618B57B09}
	EndGlobalSection
EndGlobal
