
Microsoft Visual Studio Solution File, Format Version 12.00
# Visual Studio Version 17
VisualStudioVersion = 17.7.34221.43
MinimumVisualStudioVersion = 10.0.40219.1
Project("{FAE04EC0-301F-11D3-BF4B-00C04F79EFBC}") = "Datos", "Datos\Datos.csproj", "{AF4C3A0B-16A2-4724-B569-80DA8D79B7C9}"
EndProject
Project("{FAE04EC0-301F-11D3-BF4B-00C04F79EFBC}") = "Negocio", "Negocio\Negocio.csproj", "{264D5A36-7F4D-4346-AE9B-6744965A7EBC}"
EndProject
Project("{FAE04EC0-301F-11D3-BF4B-00C04F79EFBC}") = "Presentacion", "Presentacion\Presentacion.csproj", "{2A49EFAE-F689-44C0-B446-D43750118D40}"
EndProject
Global
	GlobalSection(SolutionConfigurationPlatforms) = preSolution
		Debug|Any CPU = Debug|Any CPU
		Release|Any CPU = Release|Any CPU
	EndGlobalSection
	GlobalSection(ProjectConfigurationPlatforms) = postSolution
		{AF4C3A0B-16A2-4724-B569-80DA8D79B7C9}.Debug|Any CPU.ActiveCfg = Debug|Any CPU
		{AF4C3A0B-16A2-4724-B569-80DA8D79B7C9}.Debug|Any CPU.Build.0 = Debug|Any CPU
		{AF4C3A0B-16A2-4724-B569-80DA8D79B7C9}.Release|Any CPU.ActiveCfg = Release|Any CPU
		{AF4C3A0B-16A2-4724-B569-80DA8D79B7C9}.Release|Any CPU.Build.0 = Release|Any CPU
		{264D5A36-7F4D-4346-AE9B-6744965A7EBC}.Debug|Any CPU.ActiveCfg = Debug|Any CPU
		{264D5A36-7F4D-4346-AE9B-6744965A7EBC}.Debug|Any CPU.Build.0 = Debug|Any CPU
		{264D5A36-7F4D-4346-AE9B-6744965A7EBC}.Release|Any CPU.ActiveCfg = Release|Any CPU
		{264D5A36-7F4D-4346-AE9B-6744965A7EBC}.Release|Any CPU.Build.0 = Release|Any CPU
		{2A49EFAE-F689-44C0-B446-D43750118D40}.Debug|Any CPU.ActiveCfg = Debug|Any CPU
		{2A49EFAE-F689-44C0-B446-D43750118D40}.Debug|Any CPU.Build.0 = Debug|Any CPU
		{2A49EFAE-F689-44C0-B446-D43750118D40}.Release|Any CPU.ActiveCfg = Release|Any CPU
		{2A49EFAE-F689-44C0-B446-D43750118D40}.Release|Any CPU.Build.0 = Release|Any CPU
	EndGlobalSection
	GlobalSection(SolutionProperties) = preSolution
		HideSolutionNode = FALSE
	EndGlobalSection
	GlobalSection(ExtensibilityGlobals) = postSolution
		SolutionGuid = {AF6D6E0A-1000-4493-9B46-E1E875546017}
	EndGlobalSection
EndGlobal
