
Microsoft Visual Studio Solution File, Format Version 12.00
# Visual Studio Version 17
VisualStudioVersion = 17.8.34309.116
MinimumVisualStudioVersion = 10.0.40219.1
Project("{FAE04EC0-301F-11D3-BF4B-00C04F79EFBC}") = "Datos", "Datos\Datos.csproj", "{94CD4860-0EF1-43A7-8B28-C08ADA0DEA8F}"
EndProject
Project("{FAE04EC0-301F-11D3-BF4B-00C04F79EFBC}") = "Negocio", "Negocio\Negocio.csproj", "{4DA74CD2-D8E5-40C3-9890-907FD88BDE22}"
EndProject
Project("{FAE04EC0-301F-11D3-BF4B-00C04F79EFBC}") = "Presentacion", "Presentacion\Presentacion.csproj", "{8A059A0D-4DC2-4DFF-867C-D6C99DB6699D}"
EndProject
Global
	GlobalSection(SolutionConfigurationPlatforms) = preSolution
		Debug|Any CPU = Debug|Any CPU
		Release|Any CPU = Release|Any CPU
	EndGlobalSection
	GlobalSection(ProjectConfigurationPlatforms) = postSolution
		{94CD4860-0EF1-43A7-8B28-C08ADA0DEA8F}.Debug|Any CPU.ActiveCfg = Debug|Any CPU
		{94CD4860-0EF1-43A7-8B28-C08ADA0DEA8F}.Debug|Any CPU.Build.0 = Debug|Any CPU
		{94CD4860-0EF1-43A7-8B28-C08ADA0DEA8F}.Release|Any CPU.ActiveCfg = Release|Any CPU
		{94CD4860-0EF1-43A7-8B28-C08ADA0DEA8F}.Release|Any CPU.Build.0 = Release|Any CPU
		{4DA74CD2-D8E5-40C3-9890-907FD88BDE22}.Debug|Any CPU.ActiveCfg = Debug|Any CPU
		{4DA74CD2-D8E5-40C3-9890-907FD88BDE22}.Debug|Any CPU.Build.0 = Debug|Any CPU
		{4DA74CD2-D8E5-40C3-9890-907FD88BDE22}.Release|Any CPU.ActiveCfg = Release|Any CPU
		{4DA74CD2-D8E5-40C3-9890-907FD88BDE22}.Release|Any CPU.Build.0 = Release|Any CPU
		{8A059A0D-4DC2-4DFF-867C-D6C99DB6699D}.Debug|Any CPU.ActiveCfg = Debug|Any CPU
		{8A059A0D-4DC2-4DFF-867C-D6C99DB6699D}.Debug|Any CPU.Build.0 = Debug|Any CPU
		{8A059A0D-4DC2-4DFF-867C-D6C99DB6699D}.Release|Any CPU.ActiveCfg = Release|Any CPU
		{8A059A0D-4DC2-4DFF-867C-D6C99DB6699D}.Release|Any CPU.Build.0 = Release|Any CPU
	EndGlobalSection
	GlobalSection(SolutionProperties) = preSolution
		HideSolutionNode = FALSE
	EndGlobalSection
	GlobalSection(ExtensibilityGlobals) = postSolution
		SolutionGuid = {C21F6E83-6FC5-45D7-B832-6695D737CDE8}
	EndGlobalSection
EndGlobal
