
Microsoft Visual Studio Solution File, Format Version 12.00
# Visual Studio Version 17
VisualStudioVersion = 17.8.34309.116
MinimumVisualStudioVersion = 10.0.40219.1
Project("{FAE04EC0-301F-11D3-BF4B-00C04F79EFBC}") = "Datos", "Datos\Datos.csproj", "{1BC8A5D4-C01F-40BE-A20F-A6AE93F358FB}"
EndProject
Project("{FAE04EC0-301F-11D3-BF4B-00C04F79EFBC}") = "Negocio", "Negocio\Negocio.csproj", "{CD750CAC-D087-48DB-89FD-1A225AD49A45}"
EndProject
Project("{FAE04EC0-301F-11D3-BF4B-00C04F79EFBC}") = "Presentacion", "Presentacion\Presentacion.csproj", "{C8BF1E2F-8A1B-4168-9CF3-0E5A2155BCD4}"
EndProject
Global
	GlobalSection(SolutionConfigurationPlatforms) = preSolution
		Debug|Any CPU = Debug|Any CPU
		Release|Any CPU = Release|Any CPU
	EndGlobalSection
	GlobalSection(ProjectConfigurationPlatforms) = postSolution
		{1BC8A5D4-C01F-40BE-A20F-A6AE93F358FB}.Debug|Any CPU.ActiveCfg = Debug|Any CPU
		{1BC8A5D4-C01F-40BE-A20F-A6AE93F358FB}.Debug|Any CPU.Build.0 = Debug|Any CPU
		{1BC8A5D4-C01F-40BE-A20F-A6AE93F358FB}.Release|Any CPU.ActiveCfg = Release|Any CPU
		{1BC8A5D4-C01F-40BE-A20F-A6AE93F358FB}.Release|Any CPU.Build.0 = Release|Any CPU
		{CD750CAC-D087-48DB-89FD-1A225AD49A45}.Debug|Any CPU.ActiveCfg = Debug|Any CPU
		{CD750CAC-D087-48DB-89FD-1A225AD49A45}.Debug|Any CPU.Build.0 = Debug|Any CPU
		{CD750CAC-D087-48DB-89FD-1A225AD49A45}.Release|Any CPU.ActiveCfg = Release|Any CPU
		{CD750CAC-D087-48DB-89FD-1A225AD49A45}.Release|Any CPU.Build.0 = Release|Any CPU
		{C8BF1E2F-8A1B-4168-9CF3-0E5A2155BCD4}.Debug|Any CPU.ActiveCfg = Debug|Any CPU
		{C8BF1E2F-8A1B-4168-9CF3-0E5A2155BCD4}.Debug|Any CPU.Build.0 = Debug|Any CPU
		{C8BF1E2F-8A1B-4168-9CF3-0E5A2155BCD4}.Release|Any CPU.ActiveCfg = Release|Any CPU
		{C8BF1E2F-8A1B-4168-9CF3-0E5A2155BCD4}.Release|Any CPU.Build.0 = Release|Any CPU
	EndGlobalSection
	GlobalSection(SolutionProperties) = preSolution
		HideSolutionNode = FALSE
	EndGlobalSection
	GlobalSection(ExtensibilityGlobals) = postSolution
		SolutionGuid = {363D2F41-C3AC-47E8-9953-7071EC5E8875}
	EndGlobalSection
EndGlobal
