
Microsoft Visual Studio Solution File, Format Version 12.00
# Visual Studio Version 17
VisualStudioVersion = 17.7.34009.444
MinimumVisualStudioVersion = 10.0.40219.1
Project("{FAE04EC0-301F-11D3-BF4B-00C04F79EFBC}") = "Lab06", "Lab06\Lab06.csproj", "{3021E0F7-7C59-4329-A322-8D3F7F41FD2A}"
EndProject
Global
	GlobalSection(SolutionConfigurationPlatforms) = preSolution
		Debug|Any CPU = Debug|Any CPU
		Release|Any CPU = Release|Any CPU
	EndGlobalSection
	GlobalSection(ProjectConfigurationPlatforms) = postSolution
		{3021E0F7-7C59-4329-A322-8D3F7F41FD2A}.Debug|Any CPU.ActiveCfg = Debug|Any CPU
		{3021E0F7-7C59-4329-A322-8D3F7F41FD2A}.Debug|Any CPU.Build.0 = Debug|Any CPU
		{3021E0F7-7C59-4329-A322-8D3F7F41FD2A}.Release|Any CPU.ActiveCfg = Release|Any CPU
		{3021E0F7-7C59-4329-A322-8D3F7F41FD2A}.Release|Any CPU.Build.0 = Release|Any CPU
	EndGlobalSection
	GlobalSection(SolutionProperties) = preSolution
		HideSolutionNode = FALSE
	EndGlobalSection
	GlobalSection(ExtensibilityGlobals) = postSolution
		SolutionGuid = {1628DADE-2D15-41AE-96B0-1C2B7FF818FE}
	EndGlobalSection
EndGlobal
