
Microsoft Visual Studio Solution File, Format Version 12.00
# Visual Studio Version 17
VisualStudioVersion = 17.7.34009.444
MinimumVisualStudioVersion = 10.0.40219.1
Project("{FAE04EC0-301F-11D3-BF4B-00C04F79EFBC}") = "Lab08", "Lab08\Lab08.csproj", "{6CA84A95-EE2D-462D-90CB-B89929382579}"
EndProject
Global
	GlobalSection(SolutionConfigurationPlatforms) = preSolution
		Debug|Any CPU = Debug|Any CPU
		Release|Any CPU = Release|Any CPU
	EndGlobalSection
	GlobalSection(ProjectConfigurationPlatforms) = postSolution
		{6CA84A95-EE2D-462D-90CB-B89929382579}.Debug|Any CPU.ActiveCfg = Debug|Any CPU
		{6CA84A95-EE2D-462D-90CB-B89929382579}.Debug|Any CPU.Build.0 = Debug|Any CPU
		{6CA84A95-EE2D-462D-90CB-B89929382579}.Release|Any CPU.ActiveCfg = Release|Any CPU
		{6CA84A95-EE2D-462D-90CB-B89929382579}.Release|Any CPU.Build.0 = Release|Any CPU
	EndGlobalSection
	GlobalSection(SolutionProperties) = preSolution
		HideSolutionNode = FALSE
	EndGlobalSection
	GlobalSection(ExtensibilityGlobals) = postSolution
		SolutionGuid = {5A7BBE0F-1EA9-480C-9F05-64527EA7A994}
	EndGlobalSection
EndGlobal
