
Microsoft Visual Studio Solution File, Format Version 12.00
# Visual Studio Version 17
VisualStudioVersion = 17.7.34009.444
MinimumVisualStudioVersion = 10.0.40219.1
Project("{FAE04EC0-301F-11D3-BF4B-00C04F79EFBC}") = "Lab01", "Lab01\Lab01.csproj", "{D50C4665-8085-4E37-9BA7-B3DD297AA948}"
EndProject
Global
	GlobalSection(SolutionConfigurationPlatforms) = preSolution
		Debug|Any CPU = Debug|Any CPU
		Release|Any CPU = Release|Any CPU
	EndGlobalSection
	GlobalSection(ProjectConfigurationPlatforms) = postSolution
		{D50C4665-8085-4E37-9BA7-B3DD297AA948}.Debug|Any CPU.ActiveCfg = Debug|Any CPU
		{D50C4665-8085-4E37-9BA7-B3DD297AA948}.Debug|Any CPU.Build.0 = Debug|Any CPU
		{D50C4665-8085-4E37-9BA7-B3DD297AA948}.Release|Any CPU.ActiveCfg = Release|Any CPU
		{D50C4665-8085-4E37-9BA7-B3DD297AA948}.Release|Any CPU.Build.0 = Release|Any CPU
	EndGlobalSection
	GlobalSection(SolutionProperties) = preSolution
		HideSolutionNode = FALSE
	EndGlobalSection
	GlobalSection(ExtensibilityGlobals) = postSolution
		SolutionGuid = {1F2A1F7F-78A5-45F9-87BE-4FB342F2E33C}
	EndGlobalSection
EndGlobal
